
Microsoft Visual Studio Solution File, Format Version 12.00
# Visual Studio Version 17
VisualStudioVersion = 17.0.31903.59
MinimumVisualStudioVersion = 10.0.40219.1
Project("{2150E333-8FDC-42A3-9474-1A3956D46DE8}") = "src", "src", "{29AD2664-F8A0-4A65-81F9-38B9F748328B}"
EndProject
Project("{2150E333-8FDC-42A3-9474-1A3956D46DE8}") = "Api", "Api", "{94776445-1BAD-43E9-A8AD-22CEA531C94B}"
EndProject
Project("{FAE04EC0-301F-11D3-BF4B-00C04F79EFBC}") = "Api.Presentation", "src\Api\Api.Presentation\Api.Presentation.csproj", "{90334A8C-388B-48EA-B737-BC2C7AF3FCA2}"
EndProject
Project("{FAE04EC0-301F-11D3-BF4B-00C04F79EFBC}") = "Api.Application", "src\Api\Api.Application\Api.Application.csproj", "{3562C0F8-F604-4DDA-9E8A-B5AB9E4FC170}"
EndProject
Project("{FAE04EC0-301F-11D3-BF4B-00C04F79EFBC}") = "Api.Domain", "src\Api\Api.Domain\Api.Domain.csproj", "{25023C64-6D6D-486A-A559-F507359F5C2F}"
EndProject
Project("{FAE04EC0-301F-11D3-BF4B-00C04F79EFBC}") = "Api.Infrastructure", "src\Api\Api.Infrastructure\Api.Infrastructure.csproj", "{8E875AED-A8EF-4217-92E6-1BA07CEBCA1F}"
EndProject
Project("{FAE04EC0-301F-11D3-BF4B-00C04F79EFBC}") = "Client", "src\Client\Client.csproj", "{9A030CF6-E78D-4C6A-9786-8997C84377FF}"
EndProject
Project("{FAE04EC0-301F-11D3-BF4B-00C04F79EFBC}") = "DomainTests", "tests\DomainTests\DomainTests.csproj", "{7765BBAB-1CD1-4323-9A95-742AAE1104E3}"
EndProject
Global
	GlobalSection(SolutionConfigurationPlatforms) = preSolution
		Debug|Any CPU = Debug|Any CPU
		Release|Any CPU = Release|Any CPU
	EndGlobalSection
	GlobalSection(SolutionProperties) = preSolution
		HideSolutionNode = FALSE
	EndGlobalSection
	GlobalSection(ProjectConfigurationPlatforms) = postSolution
		{90334A8C-388B-48EA-B737-BC2C7AF3FCA2}.Debug|Any CPU.ActiveCfg = Debug|Any CPU
		{90334A8C-388B-48EA-B737-BC2C7AF3FCA2}.Debug|Any CPU.Build.0 = Debug|Any CPU
		{90334A8C-388B-48EA-B737-BC2C7AF3FCA2}.Release|Any CPU.ActiveCfg = Release|Any CPU
		{90334A8C-388B-48EA-B737-BC2C7AF3FCA2}.Release|Any CPU.Build.0 = Release|Any CPU
		{3562C0F8-F604-4DDA-9E8A-B5AB9E4FC170}.Debug|Any CPU.ActiveCfg = Debug|Any CPU
		{3562C0F8-F604-4DDA-9E8A-B5AB9E4FC170}.Debug|Any CPU.Build.0 = Debug|Any CPU
		{3562C0F8-F604-4DDA-9E8A-B5AB9E4FC170}.Release|Any CPU.ActiveCfg = Release|Any CPU
		{3562C0F8-F604-4DDA-9E8A-B5AB9E4FC170}.Release|Any CPU.Build.0 = Release|Any CPU
		{25023C64-6D6D-486A-A559-F507359F5C2F}.Debug|Any CPU.ActiveCfg = Debug|Any CPU
		{25023C64-6D6D-486A-A559-F507359F5C2F}.Debug|Any CPU.Build.0 = Debug|Any CPU
		{25023C64-6D6D-486A-A559-F507359F5C2F}.Release|Any CPU.ActiveCfg = Release|Any CPU
		{25023C64-6D6D-486A-A559-F507359F5C2F}.Release|Any CPU.Build.0 = Release|Any CPU
		{8E875AED-A8EF-4217-92E6-1BA07CEBCA1F}.Debug|Any CPU.ActiveCfg = Debug|Any CPU
		{8E875AED-A8EF-4217-92E6-1BA07CEBCA1F}.Debug|Any CPU.Build.0 = Debug|Any CPU
		{8E875AED-A8EF-4217-92E6-1BA07CEBCA1F}.Release|Any CPU.ActiveCfg = Release|Any CPU
		{8E875AED-A8EF-4217-92E6-1BA07CEBCA1F}.Release|Any CPU.Build.0 = Release|Any CPU
		{9A030CF6-E78D-4C6A-9786-8997C84377FF}.Debug|Any CPU.ActiveCfg = Debug|Any CPU
		{9A030CF6-E78D-4C6A-9786-8997C84377FF}.Debug|Any CPU.Build.0 = Debug|Any CPU
		{9A030CF6-E78D-4C6A-9786-8997C84377FF}.Release|Any CPU.ActiveCfg = Release|Any CPU
		{9A030CF6-E78D-4C6A-9786-8997C84377FF}.Release|Any CPU.Build.0 = Release|Any CPU
		{7765BBAB-1CD1-4323-9A95-742AAE1104E3}.Debug|Any CPU.ActiveCfg = Debug|Any CPU
		{7765BBAB-1CD1-4323-9A95-742AAE1104E3}.Debug|Any CPU.Build.0 = Debug|Any CPU
		{7765BBAB-1CD1-4323-9A95-742AAE1104E3}.Release|Any CPU.ActiveCfg = Release|Any CPU
		{7765BBAB-1CD1-4323-9A95-742AAE1104E3}.Release|Any CPU.Build.0 = Release|Any CPU
	EndGlobalSection
	GlobalSection(NestedProjects) = preSolution
		{94776445-1BAD-43E9-A8AD-22CEA531C94B} = {29AD2664-F8A0-4A65-81F9-38B9F748328B}
		{90334A8C-388B-48EA-B737-BC2C7AF3FCA2} = {94776445-1BAD-43E9-A8AD-22CEA531C94B}
		{3562C0F8-F604-4DDA-9E8A-B5AB9E4FC170} = {94776445-1BAD-43E9-A8AD-22CEA531C94B}
		{25023C64-6D6D-486A-A559-F507359F5C2F} = {94776445-1BAD-43E9-A8AD-22CEA531C94B}
		{8E875AED-A8EF-4217-92E6-1BA07CEBCA1F} = {94776445-1BAD-43E9-A8AD-22CEA531C94B}
		{9A030CF6-E78D-4C6A-9786-8997C84377FF} = {29AD2664-F8A0-4A65-81F9-38B9F748328B}
		{7765BBAB-1CD1-4323-9A95-742AAE1104E3} = {29AD2664-F8A0-4A65-81F9-38B9F748328B}
	EndGlobalSection
EndGlobal
